
Microsoft Visual Studio Solution File, Format Version 12.00
# Visual Studio Version 17
VisualStudioVersion = 17.9.34701.34
MinimumVisualStudioVersion = 10.0.40219.1
Project("{9A19103F-16F7-4668-BE54-9A1E7A4F7556}") = "OsuAudioPlayer", "OsuAudioPlayer\OsuAudioPlayer.csproj", "{A52C04DE-4022-4395-BE55-E43E63DC8EFB}"
EndProject
Project("{9A19103F-16F7-4668-BE54-9A1E7A4F7556}") = "OsuData", "OsuDataHandler\OsuData.csproj", "{1080FFED-68C9-49E7-9A84-FA8CEE18C58C}"
EndProject
Project("{9A19103F-16F7-4668-BE54-9A1E7A4F7556}") = "StockingNAudio", "StockingNaudio\StockingNAudio.csproj", "{BEA9472C-356D-44B4-B718-DDEB24A9AA76}"
EndProject
Project("{9A19103F-16F7-4668-BE54-9A1E7A4F7556}") = "StockingToolKit", "StockingToolKit\StockingToolKit.csproj", "{50CC5593-26C4-4C36-8823-5DA9FA3FF674}"
EndProject
Project("{9A19103F-16F7-4668-BE54-9A1E7A4F7556}") = "ScottPlotDrawByteTest", "ScottPlotDrawByteTest\ScottPlotDrawByteTest.csproj", "{9C06E389-4D1C-4F00-AA75-E608F5000F48}"
EndProject
Project("{FAE04EC0-301F-11D3-BF4B-00C04F79EFBC}") = "AvaloniaStyleWindow", "AvaloniaStyleWindow\AvaloniaStyleWindow.csproj", "{397D720C-D00C-4124-82ED-DEA4DF3C0ECB}"
EndProject
Global
	GlobalSection(SolutionConfigurationPlatforms) = preSolution
		Debug|Any CPU = Debug|Any CPU
		Release|Any CPU = Release|Any CPU
	EndGlobalSection
	GlobalSection(ProjectConfigurationPlatforms) = postSolution
		{A52C04DE-4022-4395-BE55-E43E63DC8EFB}.Debug|Any CPU.ActiveCfg = Debug|Any CPU
		{A52C04DE-4022-4395-BE55-E43E63DC8EFB}.Debug|Any CPU.Build.0 = Debug|Any CPU
		{A52C04DE-4022-4395-BE55-E43E63DC8EFB}.Release|Any CPU.ActiveCfg = Release|Any CPU
		{A52C04DE-4022-4395-BE55-E43E63DC8EFB}.Release|Any CPU.Build.0 = Release|Any CPU
		{1080FFED-68C9-49E7-9A84-FA8CEE18C58C}.Debug|Any CPU.ActiveCfg = Debug|Any CPU
		{1080FFED-68C9-49E7-9A84-FA8CEE18C58C}.Debug|Any CPU.Build.0 = Debug|Any CPU
		{1080FFED-68C9-49E7-9A84-FA8CEE18C58C}.Release|Any CPU.ActiveCfg = Release|Any CPU
		{1080FFED-68C9-49E7-9A84-FA8CEE18C58C}.Release|Any CPU.Build.0 = Release|Any CPU
		{BEA9472C-356D-44B4-B718-DDEB24A9AA76}.Debug|Any CPU.ActiveCfg = Debug|Any CPU
		{BEA9472C-356D-44B4-B718-DDEB24A9AA76}.Debug|Any CPU.Build.0 = Debug|Any CPU
		{BEA9472C-356D-44B4-B718-DDEB24A9AA76}.Release|Any CPU.ActiveCfg = Release|Any CPU
		{BEA9472C-356D-44B4-B718-DDEB24A9AA76}.Release|Any CPU.Build.0 = Release|Any CPU
		{50CC5593-26C4-4C36-8823-5DA9FA3FF674}.Debug|Any CPU.ActiveCfg = Debug|Any CPU
		{50CC5593-26C4-4C36-8823-5DA9FA3FF674}.Debug|Any CPU.Build.0 = Debug|Any CPU
		{50CC5593-26C4-4C36-8823-5DA9FA3FF674}.Release|Any CPU.ActiveCfg = Release|Any CPU
		{50CC5593-26C4-4C36-8823-5DA9FA3FF674}.Release|Any CPU.Build.0 = Release|Any CPU
		{9C06E389-4D1C-4F00-AA75-E608F5000F48}.Debug|Any CPU.ActiveCfg = Debug|Any CPU
		{9C06E389-4D1C-4F00-AA75-E608F5000F48}.Debug|Any CPU.Build.0 = Debug|Any CPU
		{9C06E389-4D1C-4F00-AA75-E608F5000F48}.Release|Any CPU.ActiveCfg = Release|Any CPU
		{9C06E389-4D1C-4F00-AA75-E608F5000F48}.Release|Any CPU.Build.0 = Release|Any CPU
		{397D720C-D00C-4124-82ED-DEA4DF3C0ECB}.Debug|Any CPU.ActiveCfg = Debug|Any CPU
		{397D720C-D00C-4124-82ED-DEA4DF3C0ECB}.Debug|Any CPU.Build.0 = Debug|Any CPU
		{397D720C-D00C-4124-82ED-DEA4DF3C0ECB}.Release|Any CPU.ActiveCfg = Release|Any CPU
		{397D720C-D00C-4124-82ED-DEA4DF3C0ECB}.Release|Any CPU.Build.0 = Release|Any CPU
	EndGlobalSection
	GlobalSection(SolutionProperties) = preSolution
		HideSolutionNode = FALSE
	EndGlobalSection
	GlobalSection(ExtensibilityGlobals) = postSolution
		SolutionGuid = {5B9B26E2-94FE-4F80-A7AB-7F9D25758E20}
	EndGlobalSection
EndGlobal
